
Microsoft Visual Studio Solution File, Format Version 12.00
# Visual Studio Version 16
VisualStudioVersion = 16.0.29806.167
MinimumVisualStudioVersion = 10.0.40219.1
Project("{FAE04EC0-301F-11D3-BF4B-00C04F79EFBC}") = "tut10", "tut10\tut10.csproj", "{1ED26A45-02C7-4D1A-BE84-25E231B9C07B}"
EndProject
Global
	GlobalSection(SolutionConfigurationPlatforms) = preSolution
		Debug|Any CPU = Debug|Any CPU
		Release|Any CPU = Release|Any CPU
	EndGlobalSection
	GlobalSection(ProjectConfigurationPlatforms) = postSolution
		{1ED26A45-02C7-4D1A-BE84-25E231B9C07B}.Debug|Any CPU.ActiveCfg = Debug|Any CPU
		{1ED26A45-02C7-4D1A-BE84-25E231B9C07B}.Debug|Any CPU.Build.0 = Debug|Any CPU
		{1ED26A45-02C7-4D1A-BE84-25E231B9C07B}.Release|Any CPU.ActiveCfg = Release|Any CPU
		{1ED26A45-02C7-4D1A-BE84-25E231B9C07B}.Release|Any CPU.Build.0 = Release|Any CPU
	EndGlobalSection
	GlobalSection(SolutionProperties) = preSolution
		HideSolutionNode = FALSE
	EndGlobalSection
	GlobalSection(ExtensibilityGlobals) = postSolution
		SolutionGuid = {E65C0CE0-5EFA-47FD-9541-647DFF0621EE}
	EndGlobalSection
EndGlobal
